
Microsoft Visual Studio Solution File, Format Version 12.00
# Visual Studio Version 17
VisualStudioVersion = 17.8.36227.8
MinimumVisualStudioVersion = 10.0.40219.1
Project("{9A19103F-16F7-4668-BE54-9A1E7A4F7556}") = "TaskManagement.API", "..\TaskManagementSystem.API\TaskManagement.API.csproj", "{C2B3409C-5CFA-4D26-A364-6191A98B0E1C}"
EndProject
Global
	GlobalSection(SolutionConfigurationPlatforms) = preSolution
		Debug|Any CPU = Debug|Any CPU
		Release|Any CPU = Release|Any CPU
	EndGlobalSection
	GlobalSection(ProjectConfigurationPlatforms) = postSolution
		{C2B3409C-5CFA-4D26-A364-6191A98B0E1C}.Debug|Any CPU.ActiveCfg = Debug|Any CPU
		{C2B3409C-5CFA-4D26-A364-6191A98B0E1C}.Debug|Any CPU.Build.0 = Debug|Any CPU
		{C2B3409C-5CFA-4D26-A364-6191A98B0E1C}.Release|Any CPU.ActiveCfg = Release|Any CPU
		{C2B3409C-5CFA-4D26-A364-6191A98B0E1C}.Release|Any CPU.Build.0 = Release|Any CPU
	EndGlobalSection
	GlobalSection(SolutionProperties) = preSolution
		HideSolutionNode = FALSE
	EndGlobalSection
	GlobalSection(ExtensibilityGlobals) = postSolution
		SolutionGuid = {7B7E8812-C3A1-42AB-B2A4-DB26A18C9B2D}
	EndGlobalSection
EndGlobal
